
Microsoft Visual Studio Solution File, Format Version 12.00
# Visual Studio Version 16
VisualStudioVersion = 16.0.31313.79
MinimumVisualStudioVersion = 10.0.40219.1
Project("{2150E333-8FDC-42A3-9474-1A3956D46DE8}") = "Common", "Common", "{80CB9352-8EB0-4685-8499-3EADF13220F1}"
EndProject
Project("{2150E333-8FDC-42A3-9474-1A3956D46DE8}") = "Services", "Services", "{3A17CBBD-A0CF-425A-BBC6-5BB0108C46AE}"
EndProject
Project("{2150E333-8FDC-42A3-9474-1A3956D46DE8}") = "UI", "UI", "{829CC480-67DD-42CF-8AB5-D05A2AC1CFBC}"
EndProject
Project("{9A19103F-16F7-4668-BE54-9A1E7A4F7556}") = "WebStore.Domain", "Common\WebStore.Domain\WebStore.Domain.csproj", "{00BAC1BD-DEBB-498C-A977-C9CEF2E28DB8}"
EndProject
Project("{9A19103F-16F7-4668-BE54-9A1E7A4F7556}") = "WebStore.DAL", "Services\WebStore.DAL\WebStore.DAL.csproj", "{904CC997-9227-491D-96E8-041DCF6B673C}"
EndProject
Project("{9A19103F-16F7-4668-BE54-9A1E7A4F7556}") = "WebStore", "UI\WebStore\WebStore.csproj", "{497D6B82-A77D-4710-A7CB-482D97239B51}"
	ProjectSection(ProjectDependencies) = postProject
		{33B82393-408D-40C3-81A2-952A9A887FFE} = {33B82393-408D-40C3-81A2-952A9A887FFE}
	EndProjectSection
EndProject
Project("{9A19103F-16F7-4668-BE54-9A1E7A4F7556}") = "WebStore.DAL.Sqlite", "Services\WebStore.DAL.Sqlite\WebStore.DAL.Sqlite.csproj", "{33B82393-408D-40C3-81A2-952A9A887FFE}"
	ProjectSection(ProjectDependencies) = postProject
		{00BAC1BD-DEBB-498C-A977-C9CEF2E28DB8} = {00BAC1BD-DEBB-498C-A977-C9CEF2E28DB8}
	EndProjectSection
EndProject
Project("{FAE04EC0-301F-11D3-BF4B-00C04F79EFBC}") = "WebStore.Interfaces", "Services\WebStore.Interfaces1\WebStore.Interfaces.csproj", "{0CD3C436-C48F-416F-A5CB-A99F1F1454D8}"
EndProject
Project("{FAE04EC0-301F-11D3-BF4B-00C04F79EFBC}") = "WebStore.Services", "Services\WebStore.Services1\WebStore.Services.csproj", "{AF3140E3-3D29-498B-A714-544B8F6338BE}"
EndProject
Project("{FAE04EC0-301F-11D3-BF4B-00C04F79EFBC}") = "WebStore.WebAPI", "Services\WebStore.WebAPI\WebStore.WebAPI.csproj", "{5AD39FB4-4FC8-4B4B-87CB-BC33A0296444}"
EndProject
Global
	GlobalSection(SolutionConfigurationPlatforms) = preSolution
		Debug|Any CPU = Debug|Any CPU
		Release|Any CPU = Release|Any CPU
	EndGlobalSection
	GlobalSection(ProjectConfigurationPlatforms) = postSolution
		{00BAC1BD-DEBB-498C-A977-C9CEF2E28DB8}.Debug|Any CPU.ActiveCfg = Debug|Any CPU
		{00BAC1BD-DEBB-498C-A977-C9CEF2E28DB8}.Debug|Any CPU.Build.0 = Debug|Any CPU
		{00BAC1BD-DEBB-498C-A977-C9CEF2E28DB8}.Release|Any CPU.ActiveCfg = Release|Any CPU
		{00BAC1BD-DEBB-498C-A977-C9CEF2E28DB8}.Release|Any CPU.Build.0 = Release|Any CPU
		{904CC997-9227-491D-96E8-041DCF6B673C}.Debug|Any CPU.ActiveCfg = Debug|Any CPU
		{904CC997-9227-491D-96E8-041DCF6B673C}.Debug|Any CPU.Build.0 = Debug|Any CPU
		{904CC997-9227-491D-96E8-041DCF6B673C}.Release|Any CPU.ActiveCfg = Release|Any CPU
		{904CC997-9227-491D-96E8-041DCF6B673C}.Release|Any CPU.Build.0 = Release|Any CPU
		{497D6B82-A77D-4710-A7CB-482D97239B51}.Debug|Any CPU.ActiveCfg = Debug|Any CPU
		{497D6B82-A77D-4710-A7CB-482D97239B51}.Debug|Any CPU.Build.0 = Debug|Any CPU
		{497D6B82-A77D-4710-A7CB-482D97239B51}.Release|Any CPU.ActiveCfg = Release|Any CPU
		{497D6B82-A77D-4710-A7CB-482D97239B51}.Release|Any CPU.Build.0 = Release|Any CPU
		{33B82393-408D-40C3-81A2-952A9A887FFE}.Debug|Any CPU.ActiveCfg = Debug|Any CPU
		{33B82393-408D-40C3-81A2-952A9A887FFE}.Debug|Any CPU.Build.0 = Debug|Any CPU
		{33B82393-408D-40C3-81A2-952A9A887FFE}.Release|Any CPU.ActiveCfg = Release|Any CPU
		{33B82393-408D-40C3-81A2-952A9A887FFE}.Release|Any CPU.Build.0 = Release|Any CPU
		{0CD3C436-C48F-416F-A5CB-A99F1F1454D8}.Debug|Any CPU.ActiveCfg = Debug|Any CPU
		{0CD3C436-C48F-416F-A5CB-A99F1F1454D8}.Debug|Any CPU.Build.0 = Debug|Any CPU
		{0CD3C436-C48F-416F-A5CB-A99F1F1454D8}.Release|Any CPU.ActiveCfg = Release|Any CPU
		{0CD3C436-C48F-416F-A5CB-A99F1F1454D8}.Release|Any CPU.Build.0 = Release|Any CPU
		{AF3140E3-3D29-498B-A714-544B8F6338BE}.Debug|Any CPU.ActiveCfg = Debug|Any CPU
		{AF3140E3-3D29-498B-A714-544B8F6338BE}.Debug|Any CPU.Build.0 = Debug|Any CPU
		{AF3140E3-3D29-498B-A714-544B8F6338BE}.Release|Any CPU.ActiveCfg = Release|Any CPU
		{AF3140E3-3D29-498B-A714-544B8F6338BE}.Release|Any CPU.Build.0 = Release|Any CPU
		{5AD39FB4-4FC8-4B4B-87CB-BC33A0296444}.Debug|Any CPU.ActiveCfg = Debug|Any CPU
		{5AD39FB4-4FC8-4B4B-87CB-BC33A0296444}.Debug|Any CPU.Build.0 = Debug|Any CPU
		{5AD39FB4-4FC8-4B4B-87CB-BC33A0296444}.Release|Any CPU.ActiveCfg = Release|Any CPU
		{5AD39FB4-4FC8-4B4B-87CB-BC33A0296444}.Release|Any CPU.Build.0 = Release|Any CPU
	EndGlobalSection
	GlobalSection(SolutionProperties) = preSolution
		HideSolutionNode = FALSE
	EndGlobalSection
	GlobalSection(NestedProjects) = preSolution
		{00BAC1BD-DEBB-498C-A977-C9CEF2E28DB8} = {80CB9352-8EB0-4685-8499-3EADF13220F1}
		{904CC997-9227-491D-96E8-041DCF6B673C} = {3A17CBBD-A0CF-425A-BBC6-5BB0108C46AE}
		{497D6B82-A77D-4710-A7CB-482D97239B51} = {829CC480-67DD-42CF-8AB5-D05A2AC1CFBC}
		{33B82393-408D-40C3-81A2-952A9A887FFE} = {3A17CBBD-A0CF-425A-BBC6-5BB0108C46AE}
		{0CD3C436-C48F-416F-A5CB-A99F1F1454D8} = {3A17CBBD-A0CF-425A-BBC6-5BB0108C46AE}
		{AF3140E3-3D29-498B-A714-544B8F6338BE} = {3A17CBBD-A0CF-425A-BBC6-5BB0108C46AE}
		{5AD39FB4-4FC8-4B4B-87CB-BC33A0296444} = {3A17CBBD-A0CF-425A-BBC6-5BB0108C46AE}
	EndGlobalSection
	GlobalSection(ExtensibilityGlobals) = postSolution
		SolutionGuid = {297E7218-A7F0-42AB-98AD-5F973272021B}
	EndGlobalSection
EndGlobal
